PODS:
  - MustacheFoundation (0.1.0)

DEPENDENCIES:
  - MustacheFoundation (from `../`)

EXTERNAL SOURCES:
  MustacheFoundation:
    :path: "../"

SPEC CHECKSUMS:
  MustacheFoundation: b00a781466d92ed99e212cbbf7b67929bd680849

PODFILE CHECKSUM: 0e9b766e11367118007a9c38b07f640979b46253

COCOAPODS: 1.6.1
